
Microsoft Visual Studio Solution File, Format Version 12.00
# Visual Studio Version 17
VisualStudioVersion = 17.8.34309.116
MinimumVisualStudioVersion = 10.0.40219.1
Project("{FAE04EC0-301F-11D3-BF4B-00C04F79EFBC}") = "TempsCalculator", "TempsCalculator\TempsCalculator.csproj", "{3F5BDADA-5B22-40E3-B947-BC5A1DEAC6FD}"
EndProject
Global
	GlobalSection(SolutionConfigurationPlatforms) = preSolution
		Debug|Any CPU = Debug|Any CPU
		Release|Any CPU = Release|Any CPU
	EndGlobalSection
	GlobalSection(ProjectConfigurationPlatforms) = postSolution
		{3F5BDADA-5B22-40E3-B947-BC5A1DEAC6FD}.Debug|Any CPU.ActiveCfg = Debug|Any CPU
		{3F5BDADA-5B22-40E3-B947-BC5A1DEAC6FD}.Debug|Any CPU.Build.0 = Debug|Any CPU
		{3F5BDADA-5B22-40E3-B947-BC5A1DEAC6FD}.Release|Any CPU.ActiveCfg = Release|Any CPU
		{3F5BDADA-5B22-40E3-B947-BC5A1DEAC6FD}.Release|Any CPU.Build.0 = Release|Any CPU
	EndGlobalSection
	GlobalSection(SolutionProperties) = preSolution
		HideSolutionNode = FALSE
	EndGlobalSection
	GlobalSection(ExtensibilityGlobals) = postSolution
		SolutionGuid = {8F59CF87-666C-4B8F-91D4-821987234008}
	EndGlobalSection
EndGlobal
